<Solution>
  <Configurations>
    <Platform Name="Any CPU" />
    <Platform Name="arm64" />
    <Platform Name="x86" />
  </Configurations>
  <Project Path="OllamaAgent/OllamaAgentVSIX.csproj" Id="6a79e77c-f7ef-4c0e-931d-c15643c4b8ce">
    <Platform Solution="*|arm64" Project="arm64" />
    <Platform Solution="*|x86" Project="x86" />
  </Project>
  <Project Path="OllamaCommunicationService/OllamaCommunicationService.csproj" Id="c7fcda05-b1db-4235-b07b-a36caa15cfe9" />
</Solution>
